// !$*UTF8*$!
{
	archiveVersion = 1;
	classes = {
	};
	objectVersion = 46;
	objects = {

/* Begin PBXBuildFile section */
		FA09D7C01CAF67AC00F798B0 /* ParasiteRuntime.framework in Frameworks */ = {isa = PBXBuildFile; fileRef = FA09D7BF1CAF67AC00F798B0 /* ParasiteRuntime.framework */; };
		FA09D7C31CAF67AC00F798B0 /* SpeakerTime.m in Sources */ = {isa = PBXBuildFile; fileRef = FA09D7C21CAF67AC00F798B0 /* SpeakerTime.m */; };
/* End PBXBuildFile section */

/* Begin PBXFileReference section */
		FA09D7BC1CAF67AC00F798B0 /* SpeakerTime.bundle */ = {isa = PBXFileReference; explicitFileType = wrapper.cfbundle; includeInIndex = 0; path = SpeakerTime.bundle; sourceTree = BUILT_PRODUCTS_DIR; };
		FA09D7BF1CAF67AC00F798B0 /* ParasiteRuntime.framework */ = {isa = PBXFileReference; lastKnownFileType = wrapper.framework; name = ParasiteRuntime.framework; path = Library/Frameworks/ParasiteRuntime.framework; sourceTree = DEVELOPER_DIR; };
		FA09D7C21CAF67AC00F798B0 /* SpeakerTime.m */ = {isa = PBXFileReference; lastKnownFileType = sourcecode.c.objc; path = SpeakerTime.m; sourceTree = "<group>"; };
		FA09D7C41CAF67AC00F798B0 /* Info.plist */ = {isa = PBXFileReference; lastKnownFileType = text.plist.xml; path = Info.plist; sourceTree = "<group>"; };
/* End PBXFileReference section */

/* Begin PBXFrameworksBuildPhase section */
		FA09D7B91CAF67AC00F798B0 /* Frameworks */ = {
			isa = PBXFrameworksBuildPhase;
			buildActionMask = 2147483647;
			files = (
				FA09D7C01CAF67AC00F798B0 /* ParasiteRuntime.framework in Frameworks */,
			);
			runOnlyForDeploymentPostprocessing = 0;
		};
/* End PBXFrameworksBuildPhase section */

/* Begin PBXGroup section */
		FA09D7B31CAF67AC00F798B0 = {
			isa = PBXGroup;
			children = (
				FA09D7C11CAF67AC00F798B0 /* SpeakerTime */,
				FA09D7BE1CAF67AC00F798B0 /* Frameworks */,
				FA09D7BD1CAF67AC00F798B0 /* Products */,
			);
			sourceTree = "<group>";
		};
		FA09D7BD1CAF67AC00F798B0 /* Products */ = {
			isa = PBXGroup;
			children = (
				FA09D7BC1CAF67AC00F798B0 /* SpeakerTime.bundle */,
			);
			name = Products;
			sourceTree = "<group>";
		};
		FA09D7BE1CAF67AC00F798B0 /* Frameworks */ = {
			isa = PBXGroup;
			children = (
				FA09D7BF1CAF67AC00F798B0 /* ParasiteRuntime.framework */,
			);
			name = Frameworks;
			sourceTree = "<group>";
		};
		FA09D7C11CAF67AC00F798B0 /* SpeakerTime */ = {
			isa = PBXGroup;
			children = (
				FA09D7C21CAF67AC00F798B0 /* SpeakerTime.m */,
				FA09D7C41CAF67AC00F798B0 /* Info.plist */,
			);
			path = SpeakerTime;
			sourceTree = "<group>";
		};
/* End PBXGroup section */

/* Begin PBXNativeTarget section */
		FA09D7BB1CAF67AC00F798B0 /* SpeakerTime */ = {
			isa = PBXNativeTarget;
			buildConfigurationList = FA09D7C71CAF67AC00F798B0 /* Build configuration list for PBXNativeTarget "SpeakerTime" */;
			buildPhases = (
				FA09D7B81CAF67AC00F798B0 /* Sources */,
				FA09D7B91CAF67AC00F798B0 /* Frameworks */,
				FA09D7BA1CAF67AC00F798B0 /* Resources */,
			);
			buildRules = (
			);
			dependencies = (
			);
			name = SpeakerTime;
			productName = SpeakerTime;
			productReference = FA09D7BC1CAF67AC00F798B0 /* SpeakerTime.bundle */;
			productType = "com.apple.product-type.bundle";
		};
/* End PBXNativeTarget section */

/* Begin PBXProject section */
		FA09D7B41CAF67AC00F798B0 /* Project object */ = {
			isa = PBXProject;
			attributes = {
				LastUpgradeCheck = 0730;
				ORGANIZATIONNAME = ParasiteTeam;
				TargetAttributes = {
					FA09D7BB1CAF67AC00F798B0 = {
						CreatedOnToolsVersion = 7.3;
					};
				};
			};
			buildConfigurationList = FA09D7B71CAF67AC00F798B0 /* Build configuration list for PBXProject "SpeakerTime" */;
			compatibilityVersion = "Xcode 3.2";
			developmentRegion = English;
			hasScannedForEncodings = 0;
			knownRegions = (
				en,
			);
			mainGroup = FA09D7B31CAF67AC00F798B0;
			productRefGroup = FA09D7BD1CAF67AC00F798B0 /* Products */;
			projectDirPath = "";
			projectRoot = "";
			targets = (
				FA09D7BB1CAF67AC00F798B0 /* SpeakerTime */,
			);
		};
/* End PBXProject section */

/* Begin PBXResourcesBuildPhase section */
		FA09D7BA1CAF67AC00F798B0 /* Resources */ = {
			isa = PBXResourcesBuildPhase;
			buildActionMask = 2147483647;
			files = (
			);
			runOnlyForDeploymentPostprocessing = 0;
		};
/* End PBXResourcesBuildPhase section */

/* Begin PBXSourcesBuildPhase section */
		FA09D7B81CAF67AC00F798B0 /* Sources */ = {
			isa = PBXSourcesBuildPhase;
			buildActionMask = 2147483647;
			files = (
				FA09D7C31CAF67AC00F798B0 /* SpeakerTime.m in Sources */,
			);
			runOnlyForDeploymentPostprocessing = 0;
		};
/* End PBXSourcesBuildPhase section */

/* Begin XCBuildConfiguration section */
		FA09D7C51CAF67AC00F798B0 /* Debug */ = {
			isa = XCBuildConfiguration;
			buildSettings = {
				ALWAYS_SEARCH_USER_PATHS = NO;
				CLANG_CXX_LANGUAGE_STANDARD = "gnu++0x";
				CLANG_CXX_LIBRARY = "libc++";
				CLANG_ENABLE_MODULES = YES;
				CLANG_ENABLE_OBJC_ARC = YES;
				CLANG_WARN_BOOL_CONVERSION = YES;
				CLANG_WARN_CONSTANT_CONVERSION = YES;
				CLANG_WARN_DIRECT_OBJC_ISA_USAGE = YES_ERROR;
				CLANG_WARN_EMPTY_BODY = YES;
				CLANG_WARN_ENUM_CONVERSION = YES;
				CLANG_WARN_INT_CONVERSION = YES;
				CLANG_WARN_OBJC_ROOT_CLASS = YES_ERROR;
				CLANG_WARN_UNREACHABLE_CODE = YES;
				CLANG_WARN__DUPLICATE_METHOD_MATCH = YES;
				CODE_SIGN_IDENTITY = "-";
				COPY_PHASE_STRIP = NO;
				DEBUG_INFORMATION_FORMAT = dwarf;
				ENABLE_STRICT_OBJC_MSGSEND = YES;
				ENABLE_TESTABILITY = YES;
				GCC_C_LANGUAGE_STANDARD = gnu99;
				GCC_DYNAMIC_NO_PIC = NO;
				GCC_NO_COMMON_BLOCKS = YES;
				GCC_OPTIMIZATION_LEVEL = 0;
				GCC_PREPROCESSOR_DEFINITIONS = (
					"DEBUG=1",
					"$(inherited)",
				);
				GCC_WARN_64_TO_32_BIT_CONVERSION = YES;
				GCC_WARN_ABOUT_RETURN_TYPE = YES_ERROR;
				GCC_WARN_UNDECLARED_SELECTOR = YES;
				GCC_WARN_UNINITIALIZED_AUTOS = YES_AGGRESSIVE;
				GCC_WARN_UNUSED_FUNCTION = YES;
				GCC_WARN_UNUSED_VARIABLE = YES;
				MACOSX_DEPLOYMENT_TARGET = 10.11;
				MTL_ENABLE_DEBUG_INFO = YES;
				ONLY_ACTIVE_ARCH = YES;
				SDKROOT = macosx;
			};
			name = Debug;
		};
		FA09D7C61CAF67AC00F798B0 /* Release */ = {
			isa = XCBuildConfiguration;
			buildSettings = {
				ALWAYS_SEARCH_USER_PATHS = NO;
				CLANG_CXX_LANGUAGE_STANDARD = "gnu++0x";
				CLANG_CXX_LIBRARY = "libc++";
				CLANG_ENABLE_MODULES = YES;
				CLANG_ENABLE_OBJC_ARC = YES;
				CLANG_WARN_BOOL_CONVERSION = YES;
				CLANG_WARN_CONSTANT_CONVERSION = YES;
				CLANG_WARN_DIRECT_OBJC_ISA_USAGE = YES_ERROR;
				CLANG_WARN_EMPTY_BODY = YES;
				CLANG_WARN_ENUM_CONVERSION = YES;
				CLANG_WARN_INT_CONVERSION = YES;
				CLANG_WARN_OBJC_ROOT_CLASS = YES_ERROR;
				CLANG_WARN_UNREACHABLE_CODE = YES;
				CLANG_WARN__DUPLICATE_METHOD_MATCH = YES;
				CODE_SIGN_IDENTITY = "-";
				COPY_PHASE_STRIP = NO;
				DEBUG_INFORMATION_FORMAT = "dwarf-with-dsym";
				ENABLE_NS_ASSERTIONS = NO;
				ENABLE_STRICT_OBJC_MSGSEND = YES;
				GCC_C_LANGUAGE_STANDARD = gnu99;
				GCC_NO_COMMON_BLOCKS = YES;
				GCC_WARN_64_TO_32_BIT_CONVERSION = YES;
				GCC_WARN_ABOUT_RETURN_TYPE = YES_ERROR;
				GCC_WARN_UNDECLARED_SELECTOR = YES;
				GCC_WARN_UNINITIALIZED_AUTOS = YES_AGGRESSIVE;
				GCC_WARN_UNUSED_FUNCTION = YES;
				GCC_WARN_UNUSED_VARIABLE = YES;
				MACOSX_DEPLOYMENT_TARGET = 10.11;
				MTL_ENABLE_DEBUG_INFO = NO;
				SDKROOT = macosx;
			};
			name = Release;
		};
		FA09D7C81CAF67AC00F798B0 /* Debug */ = {
			isa = XCBuildConfiguration;
			buildSettings = {
				ALWAYS_SEARCH_USER_PATHS = YES;
				COMBINE_HIDPI_IMAGES = YES;
				FRAMEWORK_SEARCH_PATHS = /Library/Frameworks/;
				INFOPLIST_FILE = SpeakerTime/Info.plist;
				INSTALL_PATH = "$(LOCAL_LIBRARY_DIR)/Bundles";
				PRODUCT_BUNDLE_IDENTIFIER = com.parasite.SpeakerTime;
				PRODUCT_NAME = "$(TARGET_NAME)";
				SKIP_INSTALL = YES;
				WRAPPER_EXTENSION = bundle;
			};
			name = Debug;
		};
		FA09D7C91CAF67AC00F798B0 /* Release */ = {
			isa = XCBuildConfiguration;
			buildSettings = {
				ALWAYS_SEARCH_USER_PATHS = YES;
				COMBINE_HIDPI_IMAGES = YES;
				FRAMEWORK_SEARCH_PATHS = /Library/Frameworks/;
				INFOPLIST_FILE = SpeakerTime/Info.plist;
				INSTALL_PATH = "$(LOCAL_LIBRARY_DIR)/Bundles";
				PRODUCT_BUNDLE_IDENTIFIER = com.parasite.SpeakerTime;
				PRODUCT_NAME = "$(TARGET_NAME)";
				SKIP_INSTALL = YES;
				WRAPPER_EXTENSION = bundle;
			};
			name = Release;
		};
/* End XCBuildConfiguration section */

/* Begin XCConfigurationList section */
		FA09D7B71CAF67AC00F798B0 /* Build configuration list for PBXProject "SpeakerTime" */ = {
			isa = XCConfigurationList;
			buildConfigurations = (
				FA09D7C51CAF67AC00F798B0 /* Debug */,
				FA09D7C61CAF67AC00F798B0 /* Release */,
			);
			defaultConfigurationIsVisible = 0;
			defaultConfigurationName = Release;
		};
		FA09D7C71CAF67AC00F798B0 /* Build configuration list for PBXNativeTarget "SpeakerTime" */ = {
			isa = XCConfigurationList;
			buildConfigurations = (
				FA09D7C81CAF67AC00F798B0 /* Debug */,
				FA09D7C91CAF67AC00F798B0 /* Release */,
			);
			defaultConfigurationIsVisible = 0;
		};
/* End XCConfigurationList section */
	};
	rootObject = FA09D7B41CAF67AC00F798B0 /* Project object */;
}
